{
  "name": "richmanageminiprogram-master",
  "version": "1.0.0",
  "lockfileVersion": 1,
  "requires": true,
  "dependencies": {
    "weui-miniprogram": {
      "version": "1.2.4",
      "resolved": "https://registry.npmmirror.com/weui-miniprogram/-/weui-miniprogram-1.2.4.tgz",
      "integrity": "sha512-AB/gGPgTJJ0vHxQQNfAwxK4JPjwV+BNGgKSxD7qyI2tLgAfZFqFyx7fPJkfOBYTYJdg38ZPA78YHIgYTyWuGEA=="
    }
  }
}
